
Microsoft Visual Studio Solution File, Format Version 12.00
# Visual Studio Version 17
VisualStudioVersion = 17.0.32126.317
MinimumVisualStudioVersion = 10.0.40219.1
Project("{FAE04EC0-301F-11D3-BF4B-00C04F79EFBC}") = "LayoutHaircut", "LayoutHaircut\LayoutHaircut.csproj", "{4610AA41-F01C-4289-9D93-78877BC5A118}"
EndProject
Global
	GlobalSection(SolutionConfigurationPlatforms) = preSolution
		Debug|Any CPU = Debug|Any CPU
		Release|Any CPU = Release|Any CPU
	EndGlobalSection
	GlobalSection(ProjectConfigurationPlatforms) = postSolution
		{4610AA41-F01C-4289-9D93-78877BC5A118}.Debug|Any CPU.ActiveCfg = Debug|Any CPU
		{4610AA41-F01C-4289-9D93-78877BC5A118}.Debug|Any CPU.Build.0 = Debug|Any CPU
		{4610AA41-F01C-4289-9D93-78877BC5A118}.Release|Any CPU.ActiveCfg = Release|Any CPU
		{4610AA41-F01C-4289-9D93-78877BC5A118}.Release|Any CPU.Build.0 = Release|Any CPU
	EndGlobalSection
	GlobalSection(SolutionProperties) = preSolution
		HideSolutionNode = FALSE
	EndGlobalSection
	GlobalSection(ExtensibilityGlobals) = postSolution
		SolutionGuid = {037F9E96-F663-4432-B377-DA692461189B}
	EndGlobalSection
EndGlobal
